PODS:
  - Buggy (0.0.1):
    - CocoaLumberjack
    - Sentry (~> 4.1.0)
  - CocoaLumberjack (3.4.2):
    - CocoaLumberjack/Default (= 3.4.2)
    - CocoaLumberjack/Extensions (= 3.4.2)
  - CocoaLumberjack/Default (3.4.2)
  - CocoaLumberjack/Extensions (3.4.2):
    - CocoaLumberjack/Default
  - Sentry (4.1.0):
    - Sentry/Core (= 4.1.0)
  - Sentry/Core (4.1.0)

DEPENDENCIES:
  - Buggy (from `../../`)

EXTERNAL SOURCES:
  Buggy:
    :path: "../../"

SPEC CHECKSUMS:
  Buggy: 43d6e88291a9dfbd85d8b5be2b36a061078fc25d
  CocoaLumberjack: db7cc9e464771f12054c22ff6947c5a58d43a0fd
  Sentry: 44b85e768f435ede4d12ea279af588ff275c3939

PODFILE CHECKSUM: 8aaee4e3e94eba649e158a0ef36a8113462c8eb1

COCOAPODS: 1.0.1
